
Microsoft Visual Studio Solution File, Format Version 12.00
# Visual Studio Version 17
VisualStudioVersion = 17.11.35219.272
MinimumVisualStudioVersion = 10.0.40219.1
Project("{FAE04EC0-301F-11D3-BF4B-00C04F79EFBC}") = "Sample2", "Sample2.csproj", "{9E3357EC-945D-49AA-A766-A2FCC1DA50FA}"
EndProject
Global
	GlobalSection(SolutionConfigurationPlatforms) = preSolution
		Debug|Any CPU = Debug|Any CPU
		Release|Any CPU = Release|Any CPU
	EndGlobalSection
	GlobalSection(ProjectConfigurationPlatforms) = postSolution
		{9E3357EC-945D-49AA-A766-A2FCC1DA50FA}.Debug|Any CPU.ActiveCfg = Debug|Any CPU
		{9E3357EC-945D-49AA-A766-A2FCC1DA50FA}.Debug|Any CPU.Build.0 = Debug|Any CPU
		{9E3357EC-945D-49AA-A766-A2FCC1DA50FA}.Release|Any CPU.ActiveCfg = Release|Any CPU
		{9E3357EC-945D-49AA-A766-A2FCC1DA50FA}.Release|Any CPU.Build.0 = Release|Any CPU
	EndGlobalSection
	GlobalSection(SolutionProperties) = preSolution
		HideSolutionNode = FALSE
	EndGlobalSection
	GlobalSection(ExtensibilityGlobals) = postSolution
		SolutionGuid = {56DE1ED8-5489-452B-B463-974A6EB0D987}
	EndGlobalSection
EndGlobal
